
Microsoft Visual Studio Solution File, Format Version 12.00
# Visual Studio Version 16
VisualStudioVersion = 16.0.30717.126
MinimumVisualStudioVersion = 10.0.40219.1
Project("{9A19103F-16F7-4668-BE54-9A1E7A4F7556}") = "LaneGG.Web", "LaneGG.Web\LaneGG.Web.csproj", "{94700DD6-C6C1-4C2E-BFF4-DEE1EAA0E535}"
EndProject
Project("{FAE04EC0-301F-11D3-BF4B-00C04F79EFBC}") = "LaneGG.Core", "LaneGG.Core\LaneGG.Core.csproj", "{3D6DA4D3-CE54-467B-808F-5737D9B9BB85}"
EndProject
Global
	GlobalSection(SolutionConfigurationPlatforms) = preSolution
		Debug|Any CPU = Debug|Any CPU
		Release|Any CPU = Release|Any CPU
	EndGlobalSection
	GlobalSection(ProjectConfigurationPlatforms) = postSolution
		{94700DD6-C6C1-4C2E-BFF4-DEE1EAA0E535}.Debug|Any CPU.ActiveCfg = Debug|Any CPU
		{94700DD6-C6C1-4C2E-BFF4-DEE1EAA0E535}.Debug|Any CPU.Build.0 = Debug|Any CPU
		{94700DD6-C6C1-4C2E-BFF4-DEE1EAA0E535}.Release|Any CPU.ActiveCfg = Release|Any CPU
		{94700DD6-C6C1-4C2E-BFF4-DEE1EAA0E535}.Release|Any CPU.Build.0 = Release|Any CPU
		{3D6DA4D3-CE54-467B-808F-5737D9B9BB85}.Debug|Any CPU.ActiveCfg = Debug|Any CPU
		{3D6DA4D3-CE54-467B-808F-5737D9B9BB85}.Debug|Any CPU.Build.0 = Debug|Any CPU
		{3D6DA4D3-CE54-467B-808F-5737D9B9BB85}.Release|Any CPU.ActiveCfg = Release|Any CPU
		{3D6DA4D3-CE54-467B-808F-5737D9B9BB85}.Release|Any CPU.Build.0 = Release|Any CPU
	EndGlobalSection
	GlobalSection(SolutionProperties) = preSolution
		HideSolutionNode = FALSE
	EndGlobalSection
	GlobalSection(ExtensibilityGlobals) = postSolution
		SolutionGuid = {EADC0FCC-7160-49CB-A31B-F7F189C16A79}
	EndGlobalSection
EndGlobal
